{
  "name": "domaingenie",
  "version": "0.0.9",
  "lockfileVersion": 3,
  "requires": true,
  "packages": {
    "": {
      "name": "domaingenie",
      "version": "0.0.9",
      "license": "MIT",
      "dependencies": {
        "synonyms": "^1.0.1"
      },
      "devDependencies": {}
    },
    "node_modules/synonyms": {
      "version": "1.0.1",
      "resolved": "https://registry.npmjs.org/synonyms/-/synonyms-1.0.1.tgz",
      "integrity": "sha512-L5xUC2nFbGUrEmCpAXebs/iHN2y8ZZwUdFE/M3WvTRfiX6BDZ3xk5CX0JWFw/BXnB19ld/nJDexc5ml+N4O7fw==",
      "license": "MIT"
    }
  }
}
